{
    "_readme": [
        "This file locks the dependencies of your project to a known state",
        "Read more about it at https://getcomposer.org/doc/01-basic-usage.md#composer-lock-the-lock-file",
        "This file is @generated automatically"
    ],
    "content-hash": "2a836aa44c3acf16fa6b28cd11fc8609",
    "packages": [
        {
            "name": "dflydev/markdown",
            "version": "dev-master",
            "source": {
                "type": "git",
                "url": "https://github.com/dflydev/dflydev-markdown.git",
                "reference": "dee1f7a6b60776a94c10efa8340ccd486ec834b7"
            },
            "dist": {
                "type": "zip",
                "url": "https://api.github.com/repos/dflydev/dflydev-markdown/zipball/dee1f7a6b60776a94c10efa8340ccd486ec834b7",
                "reference": "dee1f7a6b60776a94c10efa8340ccd486ec834b7",
                "shasum": ""
            },
            "require": {
                "php": ">=5.3"
            },
            "type": "library",
            "extra": {
                "branch-alias": {
                    "dev-master": "1.0-dev"
                }
            },
            "autoload": {
                "psr-0": {
                    "dflydev\\markdown": "src"
                }
            },
            "notification-url": "https://packagist.org/downloads/",
            "license": [
                "BSD-3-Clause"
            ],
            "authors": [
                {
                    "name": "Dragonfly Development Inc.",
                    "email": "info@dflydev.com",
                    "homepage": "http://dflydev.com"
                },
                {
                    "name": "Beau Simensen",
                    "email": "beau@dflydev.com",
                    "homepage": "http://beausimensen.com"
                },
                {
                    "name": "Michel Fortin",
                    "homepage": "http://michelf.com"
                },
                {
                    "name": "John Gruber",
                    "homepage": "http://daringfireball.net"
                }
            ],
            "description": "PHP Markdown & Extra - DEPRECATED",
            "homepage": "http://github.com/dflydev/dflydev-markdown",
            "keywords": [
                "markdown"
            ],
            "abandoned": "michelf/php-markdown",
            "time": "2014-01-06T23:32:02+00:00"
        },
        {
            "name": "rain/raintpl",
            "version": "3.0.0",
            "source": {
                "type": "git",
                "url": "https://github.com/rainphp/raintpl3.git",
                "reference": "5bfdf4602b8adb0e80b222fa29ac559aa9c06abf"
            },
            "dist": {
                "type": "zip",
                "url": "https://api.github.com/repos/rainphp/raintpl3/zipball/5bfdf4602b8adb0e80b222fa29ac559aa9c06abf",
                "reference": "5bfdf4602b8adb0e80b222fa29ac559aa9c06abf",
                "shasum": ""
            },
            "type": "library",
            "autoload": {
                "psr-0": {
                    "Rain": "library/"
                }
            },
            "notification-url": "https://packagist.org/downloads/",
            "authors": [
                {
                    "name": "Federico Ulfo",
                    "email": "rainelemental@gmail.com",
                    "homepage": "http://github.com/rainphp"
                }
            ],
            "description": "easy and fast template engine",
            "time": "2012-12-24T05:24:32+00:00"
        }
    ],
    "packages-dev": [],
    "aliases": [],
    "minimum-stability": "dev",
    "stability-flags": [],
    "prefer-stable": false,
    "prefer-lowest": false,
    "platform": {
        "php": ">=5.3",
        "ext-zip": "*",
        "ext-fileinfo": "*"
    },
    "platform-dev": []
}
